
Microsoft Visual Studio Solution File, Format Version 12.00
# Visual Studio Version 17
VisualStudioVersion = 17.4.33122.133
MinimumVisualStudioVersion = 10.0.40219.1
Project("{FAE04EC0-301F-11D3-BF4B-00C04F79EFBC}") = "Poo2-Ex1", "Poo2-Ex1\Poo2-Ex1.csproj", "{AFA2D98F-3A89-43A0-AB3A-0ED5812AC21A}"
EndProject
Global
	GlobalSection(SolutionConfigurationPlatforms) = preSolution
		Debug|Any CPU = Debug|Any CPU
		Release|Any CPU = Release|Any CPU
	EndGlobalSection
	GlobalSection(ProjectConfigurationPlatforms) = postSolution
		{AFA2D98F-3A89-43A0-AB3A-0ED5812AC21A}.Debug|Any CPU.ActiveCfg = Debug|Any CPU
		{AFA2D98F-3A89-43A0-AB3A-0ED5812AC21A}.Debug|Any CPU.Build.0 = Debug|Any CPU
		{AFA2D98F-3A89-43A0-AB3A-0ED5812AC21A}.Release|Any CPU.ActiveCfg = Release|Any CPU
		{AFA2D98F-3A89-43A0-AB3A-0ED5812AC21A}.Release|Any CPU.Build.0 = Release|Any CPU
	EndGlobalSection
	GlobalSection(SolutionProperties) = preSolution
		HideSolutionNode = FALSE
	EndGlobalSection
	GlobalSection(ExtensibilityGlobals) = postSolution
		SolutionGuid = {8D2C8A0F-19B0-46B0-AE9D-2B102AB1E39B}
	EndGlobalSection
EndGlobal
